{
  "https://deno.land/std@0.67.0/_util/assert.ts": "e1f76e77c5ccb5a8e0dbbbe6cce3a56d2556c8cb5a9a8802fc9565af72462149",
  "https://deno.land/std@0.67.0/_util/has_own_property.ts": "91a2ef2fae5d941643a6472b97cac7ed8060a96deb66f4fafb4a2750c8af18e5",
  "https://deno.land/std@0.67.0/async/deferred.ts": "ac95025f46580cf5197928ba90995d87f26e202c19ad961bc4e3177310894cdc",
  "https://deno.land/std@0.67.0/async/delay.ts": "35957d585a6e3dd87706858fb1d6b551cb278271b03f52c5a2cb70e65e00c26a",
  "https://deno.land/std@0.67.0/async/mod.ts": "39f2602a005805dd1e6b9da4ee5391b14d15e8fec4fa5494a6165c599911d746",
  "https://deno.land/std@0.67.0/async/mux_async_iterator.ts": "1352b10a5cee1821a963eb8f4f05603bd7e25f8886eaf8d1888f4b416ddccdf5",
  "https://deno.land/std@0.67.0/async/pool.ts": "a499691231d8c249f044f69d204b479ad3af7f115e0b37342829eff076bc2450",
  "https://deno.land/std@0.67.0/bytes/mod.ts": "b1a149ac741728db00bda9ce1a2d044f248edd5ac95e708a6cc501bfd3adb4a7",
  "https://deno.land/std@0.67.0/encoding/base64.ts": "79c67b8a9d911eff89cafd84749587a2851a7bb3bed4e952f6cf4c2ff97ae120",
  "https://deno.land/std@0.67.0/encoding/utf8.ts": "8654fa820aa69a37ec5eb11908e20b39d056c9bf1c23ab294303ff467f3d50a1",
  "https://deno.land/std@0.67.0/hash/sha1.ts": "a887e14efc6c8d17b062647dc5eff07b8d8ed446eb7f994d69ae0e808db31e65",
  "https://deno.land/std@0.67.0/http/_io.ts": "a6108623563611e901b1128ca91aca02982af552aa7c4f39f2240cf6e6cd9ac7",
  "https://deno.land/std@0.67.0/http/http_status.ts": "0ecc0799a208f49452023b1b927106ba5a2c13cc6cf6666345db028239d554ab",
  "https://deno.land/std@0.67.0/http/server.ts": "9f39d814950c741e0dcf0dfb9a046515f5fb342a62fbc28607c44ac5692e8a7e",
  "https://deno.land/std@0.67.0/io/bufio.ts": "e76c5b7bf978a638aae6f62b87efde3ab7203b85902ce9b84ac8388c8c2bb104",
  "https://deno.land/std@0.67.0/io/ioutil.ts": "b781afd113a7d29c88c3d88efec391a0446c3e6537b74f795dd8579339ae8a5f",
  "https://deno.land/std@0.67.0/textproto/mod.ts": "ebd84342f62216af1850279d32581c51d0958e36d477c6c26c961987e6240356",
  "https://deno.land/std@0.67.0/ws/mod.ts": "c8c29a80c96da482978baa4391b8b249fb7ec41da8efc15b203ffa77c4b52806",
  "https://deno.land/x/discordeno@v9.0.1/deps.ts": "20b4bc77a26a4a6f799c6399a14ddc3aae14d5b32c68e062cc4c4d8387df8df1",
  "https://deno.land/x/discordeno@v9.0.1/mod.ts": "8faac15eced2240b70e99d859e5cc087404395258e6b608cccdd99f07a7efa13",
  "https://deno.land/x/discordeno@v9.0.1/src/constants/discord.ts": "af553a381b8e1713ebbda545063138671fb2f0ff381955933472dac94ffbad51",
  "https://deno.land/x/discordeno@v9.0.1/src/controllers/bans.ts": "1d85a5332bc70d4cf0032e1448ccb5c5ab133f48aeb08cb67aa4725604edf89e",
  "https://deno.land/x/discordeno@v9.0.1/src/controllers/cache.ts": "9e5c6d1acb6c0be54b11f1c17f099031321c44f425b8606962e1ca24dd5a5eda",
  "https://deno.land/x/discordeno@v9.0.1/src/controllers/channels.ts": "2bcb71b9b81ffc94d880c219123c264bd720b2bce3a2cd2a7c924ac91eb6c859",
  "https://deno.land/x/discordeno@v9.0.1/src/controllers/guilds.ts": "bbaf4f087fd08ee98fd6375640d97e9a3a52c9c3261a59f77b43b0a1f2e5651b",
  "https://deno.land/x/discordeno@v9.0.1/src/controllers/members.ts": "c0bb85fef0f25f0deb1f324bd7261e9e2e0fdca2359aeea68a8628307f7a1a7e",
  "https://deno.land/x/discordeno@v9.0.1/src/controllers/messages.ts": "0818a67b857908a7c731db856d5febc19735467de0fe79a0724add4d4ecd830b",
  "https://deno.land/x/discordeno@v9.0.1/src/controllers/misc.ts": "faf77707cd28cae135e7e8cda114ca8317290ed48910a5b9e03319e93f6bc4bd",
  "https://deno.land/x/discordeno@v9.0.1/src/controllers/mod.ts": "27cc20f32726e81a976f8e666d431a931d28b336fd90b8223adf7a8dcaff27cd",
  "https://deno.land/x/discordeno@v9.0.1/src/controllers/reactions.ts": "e2cf4617b33b43626cbe3fc795cc2a6cac8c9ff978bd2abd129b35a7f1c8d421",
  "https://deno.land/x/discordeno@v9.0.1/src/controllers/roles.ts": "0e13b8af3e21ff4cbcc7b01f97950af7946d670b868086f96227e21e1a9d77ee",
  "https://deno.land/x/discordeno@v9.0.1/src/handlers/channel.ts": "a4474623c6c036435aa024cb083d5c7e18a545969b4b77df67ebb3ca9c22c25c",
  "https://deno.land/x/discordeno@v9.0.1/src/handlers/guild.ts": "c8c71a1f32f0213a2ddff02ae36d80ed42c9eddeb192a58db79c9972b9526d2c",
  "https://deno.land/x/discordeno@v9.0.1/src/handlers/member.ts": "136c710e466e5be97a31c96fa24d27784e8e246c3e4b7ca9d3851a510784fb8d",
  "https://deno.land/x/discordeno@v9.0.1/src/handlers/message.ts": "7fa5e1aedbab0690a63334e0775a1c73503c00ea0223c88f3481194694163393",
  "https://deno.land/x/discordeno@v9.0.1/src/handlers/webhook.ts": "299c83ac870448be1b00c9d5151fe76ed2ba3ec868c0a797e16c2773e0abe32f",
  "https://deno.land/x/discordeno@v9.0.1/src/module/basicShard.ts": "5dce2c991ef0dd8738c254f23fdfb033f8b61decba8addee3cb5ab155837a0b0",
  "https://deno.land/x/discordeno@v9.0.1/src/module/client.ts": "94b031273344786d9a077b6079d636ad9d06405a6c05498cae0506f2f1b796f4",
  "https://deno.land/x/discordeno@v9.0.1/src/module/requestManager.ts": "5083a99a8211ed04e2e73029c6cfdf7f0d4acfb45991991fc6e50a2582100549",
  "https://deno.land/x/discordeno@v9.0.1/src/module/shardingManager.ts": "4b0003e4439f3b4dc9ad2adbcdd23e44abb11a9296020fb3fb71dbda7cc55b0b",
  "https://deno.land/x/discordeno@v9.0.1/src/structures/channel.ts": "a7fb9f6f35a2b3b687652a967aebdf88dfd4b8ba260762a2e8e1b32373d2b202",
  "https://deno.land/x/discordeno@v9.0.1/src/structures/guild.ts": "20842dad24f6494b24cd3df2bcd992ec3b3dff37be68343f44909d9987c3ae4f",
  "https://deno.land/x/discordeno@v9.0.1/src/structures/member.ts": "0f300c723066e75f01ab256d945da6edd892260e10c11158bdd8466024356580",
  "https://deno.land/x/discordeno@v9.0.1/src/structures/message.ts": "fe13d21730451d5a8abf66ca8a5a87d433d472741d5b4f011e41539378ff8421",
  "https://deno.land/x/discordeno@v9.0.1/src/structures/mod.ts": "961e63c04dcae8bbe3cb2d230008bdbc4e407baed927e3836c68154f86bbc8a9",
  "https://deno.land/x/discordeno@v9.0.1/src/structures/role.ts": "f3eeb075306d73e1bb6c5c39d797f9b6798f8b0562fda7213f322c1dbcdd73ba",
  "https://deno.land/x/discordeno@v9.0.1/src/types/activity.ts": "2dbb5fc60f93afa23c385ba5ec47ed712fa511ef8e93fbc8bd0178d7711a257d",
  "https://deno.land/x/discordeno@v9.0.1/src/types/cdn.ts": "fd575321f4eb0bd97d2bd966729d75c94565a044e03cf206f3bee18e4bd08a3d",
  "https://deno.land/x/discordeno@v9.0.1/src/types/channel.ts": "9cfb05113b84e11e3fb4a886f18d540888396f9de89cf2e68c02ae722383e82d",
  "https://deno.land/x/discordeno@v9.0.1/src/types/discord.ts": "80c0e3f523bf74158c77a66e86d92114dcd4585502297e036e968ac48e0a9c13",
  "https://deno.land/x/discordeno@v9.0.1/src/types/errors.ts": "ffcc9ef09129902d773a329135ed5c44243c541e1434f768a558e6b13691471e",
  "https://deno.land/x/discordeno@v9.0.1/src/types/fetch.ts": "bbf3505349cac945f7d1921866e114ce86145925107828fabbdc88bbe38029ae",
  "https://deno.land/x/discordeno@v9.0.1/src/types/guild.ts": "f5b0de7a8062eafef393419d8ff97a34914488e21da2c6e86af848563e77831b",
  "https://deno.land/x/discordeno@v9.0.1/src/types/member.ts": "dbc03f124e0c3becbd1de1eea9f8244ca43037ac554bffe9ed866cb7da2d712c",
  "https://deno.land/x/discordeno@v9.0.1/src/types/message.ts": "d062f17232c0b38b8ed3fc06d97007e922c9802e973ffc13e623c15e141114c8",
  "https://deno.land/x/discordeno@v9.0.1/src/types/misc.ts": "6768ce32aa65b9ce30360c4a2f5c9be544fdc25b7f8c8939f16d4faea8d19219",
  "https://deno.land/x/discordeno@v9.0.1/src/types/options.ts": "7571078c68332bb9c834fd6e579f070fa2409e4884ad15f113e5464c2962afa9",
  "https://deno.land/x/discordeno@v9.0.1/src/types/permission.ts": "2d7e2b6fc5a6ded6e84215339f86779f22d6e9b4826b4be2890b18700a623be8",
  "https://deno.land/x/discordeno@v9.0.1/src/types/presence.ts": "ebbc9dc395ed92c8a0c13c9f04ba339565d5fbec2317a03e4e1a3cac68c49824",
  "https://deno.land/x/discordeno@v9.0.1/src/types/role.ts": "68905a94b8b48755ad25b304e73224e93a1b4c493c7e0e8eb08c4b5c8bbb167c",
  "https://deno.land/x/discordeno@v9.0.1/src/types/webhook.ts": "65cbdafe0464dc9088da0508504fbd564ee358b9fcdcfc229687007da95dbf15",
  "https://deno.land/x/discordeno@v9.0.1/src/utils/cache.ts": "8d524e697cd574d01ec60badf293d87d66bb92271b47cf440568ba7f4f22fb35",
  "https://deno.land/x/discordeno@v9.0.1/src/utils/cdn.ts": "9629ec3e380c0b654c27c6a3b35b7be234d76985742220224ed48fccf06e76e6",
  "https://deno.land/x/discordeno@v9.0.1/src/utils/collection.ts": "5d663013e4fe9e3a4a0805a344483fc3da67de9779355d3aef68a67d6a67e8c9",
  "https://deno.land/x/discordeno@v9.0.1/src/utils/permissions.ts": "3d6f3cd14a9f9271bdfa53131a4eb1add7078b2bfa279655ba938847905e5459",
  "https://deno.land/x/discordeno@v9.0.1/src/utils/utils.ts": "b2896bd180512ca87a2b86721d5c4411247331ce81f6999200552485119e5209",
  "https://deno.land/x/dotenv@v0.5.0/load.ts": "4eba9b76084c302d714c34a4976bbd91d0015faf9f219d8c8f8e8da0adeccdd5",
  "https://deno.land/x/dotenv@v0.5.0/mod.ts": "7c746f2f889812e6d467279d5c4603e9d21fa025f353386e35aec66702d4bf51",
  "https://deno.land/x/dotenv@v0.5.0/util.ts": "15875ce1e2840d3d3c7b0f74d699218be065c23accd0737993cbf51ea216d0c5",
  "https://deno.land/x/zlib.es@v1.0.0/_BitReadStream.ts": "6af3a40b0a88ffdf93a50cc8d924b9ccb62e9562fb051e0bcd1829ebe3958b08",
  "https://deno.land/x/zlib.es@v1.0.0/_BitWriteStream.ts": "82e9d8cb217c68bb83803c57d8a50e47c7565512ad07a6002eea71b2d926615a",
  "https://deno.land/x/zlib.es@v1.0.0/_Uint8WriteStream.ts": "5f5e5d49698def599cecb4222a9db19d3e7929903cc1dd6436f2c1df19bd3128",
  "https://deno.land/x/zlib.es@v1.0.0/adler32.ts": "9046f2c57299c527023755f3f3a83fa8f7f55d022ba1a6a66e2bbd601218bf55",
  "https://deno.land/x/zlib.es@v1.0.0/const.ts": "2d201e9fbba06336a180e0ad6450fa58ab6b1a210ccd121c3e8d8c7b4b6b3b02",
  "https://deno.land/x/zlib.es@v1.0.0/deflate.ts": "55c11b61a7ef6ffaf4f017feb0e776600f8c05cebb2b32facb47ad7edb84e160",
  "https://deno.land/x/zlib.es@v1.0.0/huffman.ts": "589e407a89d7cbc0d3570bcb91c45b0d095fcd6b53342b84aebc1307063cc128",
  "https://deno.land/x/zlib.es@v1.0.0/inflate.ts": "c7d2f9cf7836fb16e5ede9a748beca27c17452c33c3d85125ca59258af0274b1",
  "https://deno.land/x/zlib.es@v1.0.0/lz77.ts": "eab0f304b932c1b7f1270962d0a780161ec796a800fbe9cc25c552c21cc5f1d2",
  "https://deno.land/x/zlib.es@v1.0.0/mod.ts": "2c277e366f307133e830f92e908434fe9c0371ab27bbb1e403a47c8ace66179e"
}